// !$*UTF8*$!
{
	archiveVersion = 1;
	classes = {
	};
	objectVersion = 55;
	objects = {

/* Begin PBXBuildFile section */
		2D58CE879D747F31D7C91B1D /* Pods_SocketTest.framework in Frameworks */ = {isa = PBXBuildFile; fileRef = A57ABE1089505315A4612E1E /* Pods_SocketTest.framework */; };
		DF5A6B99279647AD0014E466 /* AppDelegate.swift in Sources */ = {isa = PBXBuildFile; fileRef = DF5A6B98279647AD0014E466 /* AppDelegate.swift */; };
		DF5A6B9B279647AD0014E466 /* SceneDelegate.swift in Sources */ = {isa = PBXBuildFile; fileRef = DF5A6B9A279647AD0014E466 /* SceneDelegate.swift */; };
		DF5A6B9D279647AD0014E466 /* ViewController.swift in Sources */ = {isa = PBXBuildFile; fileRef = DF5A6B9C279647AD0014E466 /* ViewController.swift */; };
		DF5A6BA0279647AD0014E466 /* Main.storyboard in Resources */ = {isa = PBXBuildFile; fileRef = DF5A6B9E279647AD0014E466 /* Main.storyboard */; };
		DF5A6BA2279647AF0014E466 /* Assets.xcassets in Resources */ = {isa = PBXBuildFile; fileRef = DF5A6BA1279647AF0014E466 /* Assets.xcassets */; };
		DF5A6BA5279647AF0014E466 /* LaunchScreen.storyboard in Resources */ = {isa = PBXBuildFile; fileRef = DF5A6BA3279647AF0014E466 /* LaunchScreen.storyboard */; };
		DF5A6BAE27964DBF0014E466 /* NSLock+Auto.swift in Sources */ = {isa = PBXBuildFile; fileRef = DF5A6BAD27964DBF0014E466 /* NSLock+Auto.swift */; };
		DF5A6BB027964E500014E466 /* SocketManager.swift in Sources */ = {isa = PBXBuildFile; fileRef = DF5A6BAF27964E500014E466 /* SocketManager.swift */; };
/* End PBXBuildFile section */

/* Begin PBXFileReference section */
		5E97E607352341F9E79313BD /* Pods-SocketTest.debug.xcconfig */ = {isa = PBXFileReference; includeInIndex = 1; lastKnownFileType = text.xcconfig; name = "Pods-SocketTest.debug.xcconfig"; path = "Target Support Files/Pods-SocketTest/Pods-SocketTest.debug.xcconfig"; sourceTree = "<group>"; };
		A57ABE1089505315A4612E1E /* Pods_SocketTest.framework */ = {isa = PBXFileReference; explicitFileType = wrapper.framework; includeInIndex = 0; path = Pods_SocketTest.framework; sourceTree = BUILT_PRODUCTS_DIR; };
		CA23D6AA1B55FB8373551135 /* Pods-SocketTest.release.xcconfig */ = {isa = PBXFileReference; includeInIndex = 1; lastKnownFileType = text.xcconfig; name = "Pods-SocketTest.release.xcconfig"; path = "Target Support Files/Pods-SocketTest/Pods-SocketTest.release.xcconfig"; sourceTree = "<group>"; };
		DF5A6B95279647AD0014E466 /* SocketTest.app */ = {isa = PBXFileReference; explicitFileType = wrapper.application; includeInIndex = 0; path = SocketTest.app; sourceTree = BUILT_PRODUCTS_DIR; };
		DF5A6B98279647AD0014E466 /* AppDelegate.swift */ = {isa = PBXFileReference; lastKnownFileType = sourcecode.swift; path = AppDelegate.swift; sourceTree = "<group>"; };
		DF5A6B9A279647AD0014E466 /* SceneDelegate.swift */ = {isa = PBXFileReference; lastKnownFileType = sourcecode.swift; path = SceneDelegate.swift; sourceTree = "<group>"; };
		DF5A6B9C279647AD0014E466 /* ViewController.swift */ = {isa = PBXFileReference; lastKnownFileType = sourcecode.swift; path = ViewController.swift; sourceTree = "<group>"; };
		DF5A6B9F279647AD0014E466 /* Base */ = {isa = PBXFileReference; lastKnownFileType = file.storyboard; name = Base; path = Base.lproj/Main.storyboard; sourceTree = "<group>"; };
		DF5A6BA1279647AF0014E466 /* Assets.xcassets */ = {isa = PBXFileReference; lastKnownFileType = folder.assetcatalog; path = Assets.xcassets; sourceTree = "<group>"; };
		DF5A6BA4279647AF0014E466 /* Base */ = {isa = PBXFileReference; lastKnownFileType = file.storyboard; name = Base; path = Base.lproj/LaunchScreen.storyboard; sourceTree = "<group>"; };
		DF5A6BA6279647AF0014E466 /* Info.plist */ = {isa = PBXFileReference; lastKnownFileType = text.plist.xml; path = Info.plist; sourceTree = "<group>"; };
		DF5A6BAD27964DBF0014E466 /* NSLock+Auto.swift */ = {isa = PBXFileReference; lastKnownFileType = sourcecode.swift; path = "NSLock+Auto.swift"; sourceTree = "<group>"; };
		DF5A6BAF27964E500014E466 /* SocketManager.swift */ = {isa = PBXFileReference; lastKnownFileType = sourcecode.swift; path = SocketManager.swift; sourceTree = "<group>"; };
/* End PBXFileReference section */

/* Begin PBXFrameworksBuildPhase section */
		DF5A6B92279647AD0014E466 /* Frameworks */ = {
			isa = PBXFrameworksBuildPhase;
			buildActionMask = 2147483647;
			files = (
				2D58CE879D747F31D7C91B1D /* Pods_SocketTest.framework in Frameworks */,
			);
			runOnlyForDeploymentPostprocessing = 0;
		};
/* End PBXFrameworksBuildPhase section */

/* Begin PBXGroup section */
		0412B30E8EB2B9C3C3A067C5 /* Frameworks */ = {
			isa = PBXGroup;
			children = (
				A57ABE1089505315A4612E1E /* Pods_SocketTest.framework */,
			);
			name = Frameworks;
			sourceTree = "<group>";
		};
		9420097FA4CFDC5C8D46C35D /* Pods */ = {
			isa = PBXGroup;
			children = (
				5E97E607352341F9E79313BD /* Pods-SocketTest.debug.xcconfig */,
				CA23D6AA1B55FB8373551135 /* Pods-SocketTest.release.xcconfig */,
			);
			path = Pods;
			sourceTree = "<group>";
		};
		DF5A6B8C279647AD0014E466 = {
			isa = PBXGroup;
			children = (
				DF5A6B97279647AD0014E466 /* SocketTest */,
				DF5A6B96279647AD0014E466 /* Products */,
				9420097FA4CFDC5C8D46C35D /* Pods */,
				0412B30E8EB2B9C3C3A067C5 /* Frameworks */,
			);
			sourceTree = "<group>";
		};
		DF5A6B96279647AD0014E466 /* Products */ = {
			isa = PBXGroup;
			children = (
				DF5A6B95279647AD0014E466 /* SocketTest.app */,
			);
			name = Products;
			sourceTree = "<group>";
		};
		DF5A6B97279647AD0014E466 /* SocketTest */ = {
			isa = PBXGroup;
			children = (
				DF5A6B98279647AD0014E466 /* AppDelegate.swift */,
				DF5A6B9A279647AD0014E466 /* SceneDelegate.swift */,
				DF5A6BAC27964DA30014E466 /* Extension */,
				DF5A6B9C279647AD0014E466 /* ViewController.swift */,
				DF5A6B9E279647AD0014E466 /* Main.storyboard */,
				DF5A6BA1279647AF0014E466 /* Assets.xcassets */,
				DF5A6BA3279647AF0014E466 /* LaunchScreen.storyboard */,
				DF5A6BA6279647AF0014E466 /* Info.plist */,
			);
			path = SocketTest;
			sourceTree = "<group>";
		};
		DF5A6BAC27964DA30014E466 /* Extension */ = {
			isa = PBXGroup;
			children = (
				DF5A6BAD27964DBF0014E466 /* NSLock+Auto.swift */,
				DF5A6BAF27964E500014E466 /* SocketManager.swift */,
			);
			path = Extension;
			sourceTree = "<group>";
		};
/* End PBXGroup section */

/* Begin PBXNativeTarget section */
		DF5A6B94279647AD0014E466 /* SocketTest */ = {
			isa = PBXNativeTarget;
			buildConfigurationList = DF5A6BA9279647AF0014E466 /* Build configuration list for PBXNativeTarget "SocketTest" */;
			buildPhases = (
				DC7E5D1780FE46A9290ACA51 /* [CP] Check Pods Manifest.lock */,
				DF5A6B91279647AD0014E466 /* Sources */,
				DF5A6B92279647AD0014E466 /* Frameworks */,
				DF5A6B93279647AD0014E466 /* Resources */,
				56FD3857747A5C34320E8BAF /* [CP] Embed Pods Frameworks */,
			);
			buildRules = (
			);
			dependencies = (
			);
			name = SocketTest;
			productName = SocketTest;
			productReference = DF5A6B95279647AD0014E466 /* SocketTest.app */;
			productType = "com.apple.product-type.application";
		};
/* End PBXNativeTarget section */

/* Begin PBXProject section */
		DF5A6B8D279647AD0014E466 /* Project object */ = {
			isa = PBXProject;
			attributes = {
				BuildIndependentTargetsInParallel = 1;
				LastSwiftUpdateCheck = 1310;
				LastUpgradeCheck = 1310;
				TargetAttributes = {
					DF5A6B94279647AD0014E466 = {
						CreatedOnToolsVersion = 13.1;
					};
				};
			};
			buildConfigurationList = DF5A6B90279647AD0014E466 /* Build configuration list for PBXProject "SocketTest" */;
			compatibilityVersion = "Xcode 13.0";
			developmentRegion = en;
			hasScannedForEncodings = 0;
			knownRegions = (
				en,
				Base,
			);
			mainGroup = DF5A6B8C279647AD0014E466;
			productRefGroup = DF5A6B96279647AD0014E466 /* Products */;
			projectDirPath = "";
			projectRoot = "";
			targets = (
				DF5A6B94279647AD0014E466 /* SocketTest */,
			);
		};
/* End PBXProject section */

/* Begin PBXResourcesBuildPhase section */
		DF5A6B93279647AD0014E466 /* Resources */ = {
			isa = PBXResourcesBuildPhase;
			buildActionMask = 2147483647;
			files = (
				DF5A6BA5279647AF0014E466 /* LaunchScreen.storyboard in Resources */,
				DF5A6BA2279647AF0014E466 /* Assets.xcassets in Resources */,
				DF5A6BA0279647AD0014E466 /* Main.storyboard in Resources */,
			);
			runOnlyForDeploymentPostprocessing = 0;
		};
/* End PBXResourcesBuildPhase section */

/* Begin PBXShellScriptBuildPhase section */
		56FD3857747A5C34320E8BAF /* [CP] Embed Pods Frameworks */ = {
			isa = PBXShellScriptBuildPhase;
			buildActionMask = 2147483647;
			files = (
			);
			inputFileListPaths = (
				"${PODS_ROOT}/Target Support Files/Pods-SocketTest/Pods-SocketTest-frameworks-${CONFIGURATION}-input-files.xcfilelist",
			);
			name = "[CP] Embed Pods Frameworks";
			outputFileListPaths = (
				"${PODS_ROOT}/Target Support Files/Pods-SocketTest/Pods-SocketTest-frameworks-${CONFIGURATION}-output-files.xcfilelist",
			);
			runOnlyForDeploymentPostprocessing = 0;
			shellPath = /bin/sh;
			shellScript = "\"${PODS_ROOT}/Target Support Files/Pods-SocketTest/Pods-SocketTest-frameworks.sh\"\n";
			showEnvVarsInLog = 0;
		};
		DC7E5D1780FE46A9290ACA51 /* [CP] Check Pods Manifest.lock */ = {
			isa = PBXShellScriptBuildPhase;
			buildActionMask = 2147483647;
			files = (
			);
			inputFileListPaths = (
			);
			inputPaths = (
				"${PODS_PODFILE_DIR_PATH}/Podfile.lock",
				"${PODS_ROOT}/Manifest.lock",
			);
			name = "[CP] Check Pods Manifest.lock";
			outputFileListPaths = (
			);
			outputPaths = (
				"$(DERIVED_FILE_DIR)/Pods-SocketTest-checkManifestLockResult.txt",
			);
			runOnlyForDeploymentPostprocessing = 0;
			shellPath = /bin/sh;
			shellScript = "diff \"${PODS_PODFILE_DIR_PATH}/Podfile.lock\" \"${PODS_ROOT}/Manifest.lock\" > /dev/null\nif [ $? != 0 ] ; then\n    # print error to STDERR\n    echo \"error: The sandbox is not in sync with the Podfile.lock. Run 'pod install' or update your CocoaPods installation.\" >&2\n    exit 1\nfi\n# This output is used by Xcode 'outputs' to avoid re-running this script phase.\necho \"SUCCESS\" > \"${SCRIPT_OUTPUT_FILE_0}\"\n";
			showEnvVarsInLog = 0;
		};
/* End PBXShellScriptBuildPhase section */

/* Begin PBXSourcesBuildPhase section */
		DF5A6B91279647AD0014E466 /* Sources */ = {
			isa = PBXSourcesBuildPhase;
			buildActionMask = 2147483647;
			files = (
				DF5A6B9D279647AD0014E466 /* ViewController.swift in Sources */,
				DF5A6B99279647AD0014E466 /* AppDelegate.swift in Sources */,
				DF5A6BAE27964DBF0014E466 /* NSLock+Auto.swift in Sources */,
				DF5A6B9B279647AD0014E466 /* SceneDelegate.swift in Sources */,
				DF5A6BB027964E500014E466 /* SocketManager.swift in Sources */,
			);
			runOnlyForDeploymentPostprocessing = 0;
		};
/* End PBXSourcesBuildPhase section */

/* Begin PBXVariantGroup section */
		DF5A6B9E279647AD0014E466 /* Main.storyboard */ = {
			isa = PBXVariantGroup;
			children = (
				DF5A6B9F279647AD0014E466 /* Base */,
			);
			name = Main.storyboard;
			sourceTree = "<group>";
		};
		DF5A6BA3279647AF0014E466 /* LaunchScreen.storyboard */ = {
			isa = PBXVariantGroup;
			children = (
				DF5A6BA4279647AF0014E466 /* Base */,
			);
			name = LaunchScreen.storyboard;
			sourceTree = "<group>";
		};
/* End PBXVariantGroup section */

/* Begin XCBuildConfiguration section */
		DF5A6BA7279647AF0014E466 /* Debug */ = {
			isa = XCBuildConfiguration;
			buildSettings = {
				ALWAYS_SEARCH_USER_PATHS = NO;
				CLANG_ANALYZER_NONNULL = YES;
				CLANG_ANALYZER_NUMBER_OBJECT_CONVERSION = YES_AGGRESSIVE;
				CLANG_CXX_LANGUAGE_STANDARD = "gnu++17";
				CLANG_CXX_LIBRARY = "libc++";
				CLANG_ENABLE_MODULES = YES;
				CLANG_ENABLE_OBJC_ARC = YES;
				CLANG_ENABLE_OBJC_WEAK = YES;
				CLANG_WARN_BLOCK_CAPTURE_AUTORELEASING = YES;
				CLANG_WARN_BOOL_CONVERSION = YES;
				CLANG_WARN_COMMA = YES;
				CLANG_WARN_CONSTANT_CONVERSION = YES;
				CLANG_WARN_DEPRECATED_OBJC_IMPLEMENTATIONS = YES;
				CLANG_WARN_DIRECT_OBJC_ISA_USAGE = YES_ERROR;
				CLANG_WARN_DOCUMENTATION_COMMENTS = YES;
				CLANG_WARN_EMPTY_BODY = YES;
				CLANG_WARN_ENUM_CONVERSION = YES;
				CLANG_WARN_INFINITE_RECURSION = YES;
				CLANG_WARN_INT_CONVERSION = YES;
				CLANG_WARN_NON_LITERAL_NULL_CONVERSION = YES;
				CLANG_WARN_OBJC_IMPLICIT_RETAIN_SELF = YES;
				CLANG_WARN_OBJC_LITERAL_CONVERSION = YES;
				CLANG_WARN_OBJC_ROOT_CLASS = YES_ERROR;
				CLANG_WARN_QUOTED_INCLUDE_IN_FRAMEWORK_HEADER = YES;
				CLANG_WARN_RANGE_LOOP_ANALYSIS = YES;
				CLANG_WARN_STRICT_PROTOTYPES = YES;
				CLANG_WARN_SUSPICIOUS_MOVE = YES;
				CLANG_WARN_UNGUARDED_AVAILABILITY = YES_AGGRESSIVE;
				CLANG_WARN_UNREACHABLE_CODE = YES;
				CLANG_WARN__DUPLICATE_METHOD_MATCH = YES;
				COPY_PHASE_STRIP = NO;
				DEBUG_INFORMATION_FORMAT = dwarf;
				ENABLE_STRICT_OBJC_MSGSEND = YES;
				ENABLE_TESTABILITY = YES;
				GCC_C_LANGUAGE_STANDARD = gnu11;
				GCC_DYNAMIC_NO_PIC = NO;
				GCC_NO_COMMON_BLOCKS = YES;
				GCC_OPTIMIZATION_LEVEL = 0;
				GCC_PREPROCESSOR_DEFINITIONS = (
					"DEBUG=1",
					"$(inherited)",
				);
				GCC_WARN_64_TO_32_BIT_CONVERSION = YES;
				GCC_WARN_ABOUT_RETURN_TYPE = YES_ERROR;
				GCC_WARN_UNDECLARED_SELECTOR = YES;
				GCC_WARN_UNINITIALIZED_AUTOS = YES_AGGRESSIVE;
				GCC_WARN_UNUSED_FUNCTION = YES;
				GCC_WARN_UNUSED_VARIABLE = YES;
				IPHONEOS_DEPLOYMENT_TARGET = 15.0;
				MTL_ENABLE_DEBUG_INFO = INCLUDE_SOURCE;
				MTL_FAST_MATH = YES;
				ONLY_ACTIVE_ARCH = YES;
				SDKROOT = iphoneos;
				SWIFT_ACTIVE_COMPILATION_CONDITIONS = DEBUG;
				SWIFT_OPTIMIZATION_LEVEL = "-Onone";
			};
			name = Debug;
		};
		DF5A6BA8279647AF0014E466 /* Release */ = {
			isa = XCBuildConfiguration;
			buildSettings = {
				ALWAYS_SEARCH_USER_PATHS = NO;
				CLANG_ANALYZER_NONNULL = YES;
				CLANG_ANALYZER_NUMBER_OBJECT_CONVERSION = YES_AGGRESSIVE;
				CLANG_CXX_LANGUAGE_STANDARD = "gnu++17";
				CLANG_CXX_LIBRARY = "libc++";
				CLANG_ENABLE_MODULES = YES;
				CLANG_ENABLE_OBJC_ARC = YES;
				CLANG_ENABLE_OBJC_WEAK = YES;
				CLANG_WARN_BLOCK_CAPTURE_AUTORELEASING = YES;
				CLANG_WARN_BOOL_CONVERSION = YES;
				CLANG_WARN_COMMA = YES;
				CLANG_WARN_CONSTANT_CONVERSION = YES;
				CLANG_WARN_DEPRECATED_OBJC_IMPLEMENTATIONS = YES;
				CLANG_WARN_DIRECT_OBJC_ISA_USAGE = YES_ERROR;
				CLANG_WARN_DOCUMENTATION_COMMENTS = YES;
				CLANG_WARN_EMPTY_BODY = YES;
				CLANG_WARN_ENUM_CONVERSION = YES;
				CLANG_WARN_INFINITE_RECURSION = YES;
				CLANG_WARN_INT_CONVERSION = YES;
				CLANG_WARN_NON_LITERAL_NULL_CONVERSION = YES;
				CLANG_WARN_OBJC_IMPLICIT_RETAIN_SELF = YES;
				CLANG_WARN_OBJC_LITERAL_CONVERSION = YES;
				CLANG_WARN_OBJC_ROOT_CLASS = YES_ERROR;
				CLANG_WARN_QUOTED_INCLUDE_IN_FRAMEWORK_HEADER = YES;
				CLANG_WARN_RANGE_LOOP_ANALYSIS = YES;
				CLANG_WARN_STRICT_PROTOTYPES = YES;
				CLANG_WARN_SUSPICIOUS_MOVE = YES;
				CLANG_WARN_UNGUARDED_AVAILABILITY = YES_AGGRESSIVE;
				CLANG_WARN_UNREACHABLE_CODE = YES;
				CLANG_WARN__DUPLICATE_METHOD_MATCH = YES;
				COPY_PHASE_STRIP = NO;
				DEBUG_INFORMATION_FORMAT = "dwarf-with-dsym";
				ENABLE_NS_ASSERTIONS = NO;
				ENABLE_STRICT_OBJC_MSGSEND = YES;
				GCC_C_LANGUAGE_STANDARD = gnu11;
				GCC_NO_COMMON_BLOCKS = YES;
				GCC_WARN_64_TO_32_BIT_CONVERSION = YES;
				GCC_WARN_ABOUT_RETURN_TYPE = YES_ERROR;
				GCC_WARN_UNDECLARED_SELECTOR = YES;
				GCC_WARN_UNINITIALIZED_AUTOS = YES_AGGRESSIVE;
				GCC_WARN_UNUSED_FUNCTION = YES;
				GCC_WARN_UNUSED_VARIABLE = YES;
				IPHONEOS_DEPLOYMENT_TARGET = 15.0;
				MTL_ENABLE_DEBUG_INFO = NO;
				MTL_FAST_MATH = YES;
				SDKROOT = iphoneos;
				SWIFT_COMPILATION_MODE = wholemodule;
				SWIFT_OPTIMIZATION_LEVEL = "-O";
				VALIDATE_PRODUCT = YES;
			};
			name = Release;
		};
		DF5A6BAA279647AF0014E466 /* Debug */ = {
			isa = XCBuildConfiguration;
			baseConfigurationReference = 5E97E607352341F9E79313BD /* Pods-SocketTest.debug.xcconfig */;
			buildSettings = {
				ASSETCATALOG_COMPILER_APPICON_NAME = AppIcon;
				ASSETCATALOG_COMPILER_GLOBAL_ACCENT_COLOR_NAME = AccentColor;
				CODE_SIGN_STYLE = Automatic;
				CURRENT_PROJECT_VERSION = 1;
				DEVELOPMENT_TEAM = VH29LQ6AQ4;
				GENERATE_INFOPLIST_FILE = YES;
				INFOPLIST_FILE = SocketTest/Info.plist;
				INFOPLIST_KEY_UIApplicationSupportsIndirectInputEvents = YES;
				INFOPLIST_KEY_UILaunchStoryboardName = LaunchScreen;
				INFOPLIST_KEY_UIMainStoryboardFile = Main;
				INFOPLIST_KEY_UISupportedInterfaceOrientations_iPad = "UIInterfaceOrientationPortrait UIInterfaceOrientationPortraitUpsideDown UIInterfaceOrientationLandscapeLeft UIInterfaceOrientationLandscapeRight";
				INFOPLIST_KEY_UISupportedInterfaceOrientations_iPhone = "UIInterfaceOrientationPortrait UIInterfaceOrientationLandscapeLeft UIInterfaceOrientationLandscapeRight";
				LD_RUNPATH_SEARCH_PATHS = (
					"$(inherited)",
					"@executable_path/Frameworks",
				);
				MARKETING_VERSION = 1.0;
				PRODUCT_BUNDLE_IDENTIFIER = com.KSJ.SocketTest;
				PRODUCT_NAME = "$(TARGET_NAME)";
				SWIFT_EMIT_LOC_STRINGS = YES;
				SWIFT_VERSION = 5.0;
				TARGETED_DEVICE_FAMILY = "1,2";
			};
			name = Debug;
		};
		DF5A6BAB279647AF0014E466 /* Release */ = {
			isa = XCBuildConfiguration;
			baseConfigurationReference = CA23D6AA1B55FB8373551135 /* Pods-SocketTest.release.xcconfig */;
			buildSettings = {
				ASSETCATALOG_COMPILER_APPICON_NAME = AppIcon;
				ASSETCATALOG_COMPILER_GLOBAL_ACCENT_COLOR_NAME = AccentColor;
				CODE_SIGN_STYLE = Automatic;
				CURRENT_PROJECT_VERSION = 1;
				DEVELOPMENT_TEAM = VH29LQ6AQ4;
				GENERATE_INFOPLIST_FILE = YES;
				INFOPLIST_FILE = SocketTest/Info.plist;
				INFOPLIST_KEY_UIApplicationSupportsIndirectInputEvents = YES;
				INFOPLIST_KEY_UILaunchStoryboardName = LaunchScreen;
				INFOPLIST_KEY_UIMainStoryboardFile = Main;
				INFOPLIST_KEY_UISupportedInterfaceOrientations_iPad = "UIInterfaceOrientationPortrait UIInterfaceOrientationPortraitUpsideDown UIInterfaceOrientationLandscapeLeft UIInterfaceOrientationLandscapeRight";
				INFOPLIST_KEY_UISupportedInterfaceOrientations_iPhone = "UIInterfaceOrientationPortrait UIInterfaceOrientationLandscapeLeft UIInterfaceOrientationLandscapeRight";
				LD_RUNPATH_SEARCH_PATHS = (
					"$(inherited)",
					"@executable_path/Frameworks",
				);
				MARKETING_VERSION = 1.0;
				PRODUCT_BUNDLE_IDENTIFIER = com.KSJ.SocketTest;
				PRODUCT_NAME = "$(TARGET_NAME)";
				SWIFT_EMIT_LOC_STRINGS = YES;
				SWIFT_VERSION = 5.0;
				TARGETED_DEVICE_FAMILY = "1,2";
			};
			name = Release;
		};
/* End XCBuildConfiguration section */

/* Begin XCConfigurationList section */
		DF5A6B90279647AD0014E466 /* Build configuration list for PBXProject "SocketTest" */ = {
			isa = XCConfigurationList;
			buildConfigurations = (
				DF5A6BA7279647AF0014E466 /* Debug */,
				DF5A6BA8279647AF0014E466 /* Release */,
			);
			defaultConfigurationIsVisible = 0;
			defaultConfigurationName = Release;
		};
		DF5A6BA9279647AF0014E466 /* Build configuration list for PBXNativeTarget "SocketTest" */ = {
			isa = XCConfigurationList;
			buildConfigurations = (
				DF5A6BAA279647AF0014E466 /* Debug */,
				DF5A6BAB279647AF0014E466 /* Release */,
			);
			defaultConfigurationIsVisible = 0;
			defaultConfigurationName = Release;
		};
/* End XCConfigurationList section */
	};
	rootObject = DF5A6B8D279647AD0014E466 /* Project object */;
}
